// !$*UTF8*$!
{
	archiveVersion = 1;
	classes = {
	};
	objectVersion = 46;
	objects = {

/* Begin PBXBuildFile section */
		7C74E7B71BE6BC760088807A /* AppDelegate.swift in Sources */ = {isa = PBXBuildFile; fileRef = 7C74E7B61BE6BC760088807A /* AppDelegate.swift */; };
		7C74E7B91BE6BC760088807A /* ViewController.swift in Sources */ = {isa = PBXBuildFile; fileRef = 7C74E7B81BE6BC760088807A /* ViewController.swift */; };
		7C74E7BC1BE6BC760088807A /* Main.storyboard in Resources */ = {isa = PBXBuildFile; fileRef = 7C74E7BA1BE6BC760088807A /* Main.storyboard */; };
		7C74E7BE1BE6BC760088807A /* Assets.xcassets in Resources */ = {isa = PBXBuildFile; fileRef = 7C74E7BD1BE6BC760088807A /* Assets.xcassets */; };
		7C74E7C11BE6BC760088807A /* LaunchScreen.storyboard in Resources */ = {isa = PBXBuildFile; fileRef = 7C74E7BF1BE6BC760088807A /* LaunchScreen.storyboard */; };
		7C74E7CC1BE6BC760088807A /* My_First_BiteTests.swift in Sources */ = {isa = PBXBuildFile; fileRef = 7C74E7CB1BE6BC760088807A /* My_First_BiteTests.swift */; };
		7C74E7D71BE6BC760088807A /* My_First_BiteUITests.swift in Sources */ = {isa = PBXBuildFile; fileRef = 7C74E7D61BE6BC760088807A /* My_First_BiteUITests.swift */; };
/* End PBXBuildFile section */

/* Begin PBXContainerItemProxy section */
		7C74E7C81BE6BC760088807A /* PBXContainerItemProxy */ = {
			isa = PBXContainerItemProxy;
			containerPortal = 7C74E7AB1BE6BC760088807A /* Project object */;
			proxyType = 1;
			remoteGlobalIDString = 7C74E7B21BE6BC760088807A;
			remoteInfo = "My First Bite";
		};
		7C74E7D31BE6BC760088807A /* PBXContainerItemProxy */ = {
			isa = PBXContainerItemProxy;
			containerPortal = 7C74E7AB1BE6BC760088807A /* Project object */;
			proxyType = 1;
			remoteGlobalIDString = 7C74E7B21BE6BC760088807A;
			remoteInfo = "My First Bite";
		};
/* End PBXContainerItemProxy section */

/* Begin PBXFileReference section */
		7C74E7B31BE6BC760088807A /* My First Bite.app */ = {isa = PBXFileReference; explicitFileType = wrapper.application; includeInIndex = 0; path = "My First Bite.app"; sourceTree = BUILT_PRODUCTS_DIR; };
		7C74E7B61BE6BC760088807A /* AppDelegate.swift */ = {isa = PBXFileReference; lastKnownFileType = sourcecode.swift; path = AppDelegate.swift; sourceTree = "<group>"; };
		7C74E7B81BE6BC760088807A /* ViewController.swift */ = {isa = PBXFileReference; lastKnownFileType = sourcecode.swift; path = ViewController.swift; sourceTree = "<group>"; };
		7C74E7BB1BE6BC760088807A /* Base */ = {isa = PBXFileReference; lastKnownFileType = file.storyboard; name = Base; path = Base.lproj/Main.storyboard; sourceTree = "<group>"; };
		7C74E7BD1BE6BC760088807A /* Assets.xcassets */ = {isa = PBXFileReference; lastKnownFileType = folder.assetcatalog; path = Assets.xcassets; sourceTree = "<group>"; };
		7C74E7C01BE6BC760088807A /* Base */ = {isa = PBXFileReference; lastKnownFileType = file.storyboard; name = Base; path = Base.lproj/LaunchScreen.storyboard; sourceTree = "<group>"; };
		7C74E7C21BE6BC760088807A /* Info.plist */ = {isa = PBXFileReference; lastKnownFileType = text.plist.xml; path = Info.plist; sourceTree = "<group>"; };
		7C74E7C71BE6BC760088807A /* My First BiteTests.xctest */ = {isa = PBXFileReference; explicitFileType = wrapper.cfbundle; includeInIndex = 0; path = "My First BiteTests.xctest"; sourceTree = BUILT_PRODUCTS_DIR; };
		7C74E7CB1BE6BC760088807A /* My_First_BiteTests.swift */ = {isa = PBXFileReference; lastKnownFileType = sourcecode.swift; path = My_First_BiteTests.swift; sourceTree = "<group>"; };
		7C74E7CD1BE6BC760088807A /* Info.plist */ = {isa = PBXFileReference; lastKnownFileType = text.plist.xml; path = Info.plist; sourceTree = "<group>"; };
		7C74E7D21BE6BC760088807A /* My First BiteUITests.xctest */ = {isa = PBXFileReference; explicitFileType = wrapper.cfbundle; includeInIndex = 0; path = "My First BiteUITests.xctest"; sourceTree = BUILT_PRODUCTS_DIR; };
		7C74E7D61BE6BC760088807A /* My_First_BiteUITests.swift */ = {isa = PBXFileReference; lastKnownFileType = sourcecode.swift; path = My_First_BiteUITests.swift; sourceTree = "<group>"; };
		7C74E7D81BE6BC760088807A /* Info.plist */ = {isa = PBXFileReference; lastKnownFileType = text.plist.xml; path = Info.plist; sourceTree = "<group>"; };
/* End PBXFileReference section */

/* Begin PBXFrameworksBuildPhase section */
		7C74E7B01BE6BC760088807A /* Frameworks */ = {
			isa = PBXFrameworksBuildPhase;
			buildActionMask = 2147483647;
			files = (
			);
			runOnlyForDeploymentPostprocessing = 0;
		};
		7C74E7C41BE6BC760088807A /* Frameworks */ = {
			isa = PBXFrameworksBuildPhase;
			buildActionMask = 2147483647;
			files = (
			);
			runOnlyForDeploymentPostprocessing = 0;
		};
		7C74E7CF1BE6BC760088807A /* Frameworks */ = {
			isa = PBXFrameworksBuildPhase;
			buildActionMask = 2147483647;
			files = (
			);
			runOnlyForDeploymentPostprocessing = 0;
		};
/* End PBXFrameworksBuildPhase section */

/* Begin PBXGroup section */
		7C74E7AA1BE6BC760088807A = {
			isa = PBXGroup;
			children = (
				7C74E7B51BE6BC760088807A /* My First Bite */,
				7C74E7CA1BE6BC760088807A /* My First BiteTests */,
				7C74E7D51BE6BC760088807A /* My First BiteUITests */,
				7C74E7B41BE6BC760088807A /* Products */,
			);
			sourceTree = "<group>";
		};
		7C74E7B41BE6BC760088807A /* Products */ = {
			isa = PBXGroup;
			children = (
				7C74E7B31BE6BC760088807A /* My First Bite.app */,
				7C74E7C71BE6BC760088807A /* My First BiteTests.xctest */,
				7C74E7D21BE6BC760088807A /* My First BiteUITests.xctest */,
			);
			name = Products;
			sourceTree = "<group>";
		};
		7C74E7B51BE6BC760088807A /* My First Bite */ = {
			isa = PBXGroup;
			children = (
				7C74E7B61BE6BC760088807A /* AppDelegate.swift */,
				7C74E7B81BE6BC760088807A /* ViewController.swift */,
				7C74E7BA1BE6BC760088807A /* Main.storyboard */,
				7C74E7BD1BE6BC760088807A /* Assets.xcassets */,
				7C74E7BF1BE6BC760088807A /* LaunchScreen.storyboard */,
				7C74E7C21BE6BC760088807A /* Info.plist */,
			);
			path = "My First Bite";
			sourceTree = "<group>";
		};
		7C74E7CA1BE6BC760088807A /* My First BiteTests */ = {
			isa = PBXGroup;
			children = (
				7C74E7CB1BE6BC760088807A /* My_First_BiteTests.swift */,
				7C74E7CD1BE6BC760088807A /* Info.plist */,
			);
			path = "My First BiteTests";
			sourceTree = "<group>";
		};
		7C74E7D51BE6BC760088807A /* My First BiteUITests */ = {
			isa = PBXGroup;
			children = (
				7C74E7D61BE6BC760088807A /* My_First_BiteUITests.swift */,
				7C74E7D81BE6BC760088807A /* Info.plist */,
			);
			path = "My First BiteUITests";
			sourceTree = "<group>";
		};
/* End PBXGroup section */

/* Begin PBXNativeTarget section */
		7C74E7B21BE6BC760088807A /* My First Bite */ = {
			isa = PBXNativeTarget;
			buildConfigurationList = 7C74E7DB1BE6BC760088807A /* Build configuration list for PBXNativeTarget "My First Bite" */;
			buildPhases = (
				7C74E7AF1BE6BC760088807A /* Sources */,
				7C74E7B01BE6BC760088807A /* Frameworks */,
				7C74E7B11BE6BC760088807A /* Resources */,
			);
			buildRules = (
			);
			dependencies = (
			);
			name = "My First Bite";
			productName = "My First Bite";
			productReference = 7C74E7B31BE6BC760088807A /* My First Bite.app */;
			productType = "com.apple.product-type.application";
		};
		7C74E7C61BE6BC760088807A /* My First BiteTests */ = {
			isa = PBXNativeTarget;
			buildConfigurationList = 7C74E7DE1BE6BC760088807A /* Build configuration list for PBXNativeTarget "My First BiteTests" */;
			buildPhases = (
				7C74E7C31BE6BC760088807A /* Sources */,
				7C74E7C41BE6BC760088807A /* Frameworks */,
				7C74E7C51BE6BC760088807A /* Resources */,
			);
			buildRules = (
			);
			dependencies = (
				7C74E7C91BE6BC760088807A /* PBXTargetDependency */,
			);
			name = "My First BiteTests";
			productName = "My First BiteTests";
			productReference = 7C74E7C71BE6BC760088807A /* My First BiteTests.xctest */;
			productType = "com.apple.product-type.bundle.unit-test";
		};
		7C74E7D11BE6BC760088807A /* My First BiteUITests */ = {
			isa = PBXNativeTarget;
			buildConfigurationList = 7C74E7E11BE6BC760088807A /* Build configuration list for PBXNativeTarget "My First BiteUITests" */;
			buildPhases = (
				7C74E7CE1BE6BC760088807A /* Sources */,
				7C74E7CF1BE6BC760088807A /* Frameworks */,
				7C74E7D01BE6BC760088807A /* Resources */,
			);
			buildRules = (
			);
			dependencies = (
				7C74E7D41BE6BC760088807A /* PBXTargetDependency */,
			);
			name = "My First BiteUITests";
			productName = "My First BiteUITests";
			productReference = 7C74E7D21BE6BC760088807A /* My First BiteUITests.xctest */;
			productType = "com.apple.product-type.bundle.ui-testing";
		};
/* End PBXNativeTarget section */

/* Begin PBXProject section */
		7C74E7AB1BE6BC760088807A /* Project object */ = {
			isa = PBXProject;
			attributes = {
				LastSwiftUpdateCheck = 0710;
				LastUpgradeCheck = 0710;
				ORGANIZATIONNAME = "Prisca Ekkens";
				TargetAttributes = {
					7C74E7B21BE6BC760088807A = {
						CreatedOnToolsVersion = 7.1;
					};
					7C74E7C61BE6BC760088807A = {
						CreatedOnToolsVersion = 7.1;
						TestTargetID = 7C74E7B21BE6BC760088807A;
					};
					7C74E7D11BE6BC760088807A = {
						CreatedOnToolsVersion = 7.1;
						TestTargetID = 7C74E7B21BE6BC760088807A;
					};
				};
			};
			buildConfigurationList = 7C74E7AE1BE6BC760088807A /* Build configuration list for PBXProject "My First Bite" */;
			compatibilityVersion = "Xcode 3.2";
			developmentRegion = English;
			hasScannedForEncodings = 0;
			knownRegions = (
				en,
				Base,
			);
			mainGroup = 7C74E7AA1BE6BC760088807A;
			productRefGroup = 7C74E7B41BE6BC760088807A /* Products */;
			projectDirPath = "";
			projectRoot = "";
			targets = (
				7C74E7B21BE6BC760088807A /* My First Bite */,
				7C74E7C61BE6BC760088807A /* My First BiteTests */,
				7C74E7D11BE6BC760088807A /* My First BiteUITests */,
			);
		};
/* End PBXProject section */

/* Begin PBXResourcesBuildPhase section */
		7C74E7B11BE6BC760088807A /* Resources */ = {
			isa = PBXResourcesBuildPhase;
			buildActionMask = 2147483647;
			files = (
				7C74E7C11BE6BC760088807A /* LaunchScreen.storyboard in Resources */,
				7C74E7BE1BE6BC760088807A /* Assets.xcassets in Resources */,
				7C74E7BC1BE6BC760088807A /* Main.storyboard in Resources */,
			);
			runOnlyForDeploymentPostprocessing = 0;
		};
		7C74E7C51BE6BC760088807A /* Resources */ = {
			isa = PBXResourcesBuildPhase;
			buildActionMask = 2147483647;
			files = (
			);
			runOnlyForDeploymentPostprocessing = 0;
		};
		7C74E7D01BE6BC760088807A /* Resources */ = {
			isa = PBXResourcesBuildPhase;
			buildActionMask = 2147483647;
			files = (
			);
			runOnlyForDeploymentPostprocessing = 0;
		};
/* End PBXResourcesBuildPhase section */

/* Begin PBXSourcesBuildPhase section */
		7C74E7AF1BE6BC760088807A /* Sources */ = {
			isa = PBXSourcesBuildPhase;
			buildActionMask = 2147483647;
			files = (
				7C74E7B91BE6BC760088807A /* ViewController.swift in Sources */,
				7C74E7B71BE6BC760088807A /* AppDelegate.swift in Sources */,
			);
			runOnlyForDeploymentPostprocessing = 0;
		};
		7C74E7C31BE6BC760088807A /* Sources */ = {
			isa = PBXSourcesBuildPhase;
			buildActionMask = 2147483647;
			files = (
				7C74E7CC1BE6BC760088807A /* My_First_BiteTests.swift in Sources */,
			);
			runOnlyForDeploymentPostprocessing = 0;
		};
		7C74E7CE1BE6BC760088807A /* Sources */ = {
			isa = PBXSourcesBuildPhase;
			buildActionMask = 2147483647;
			files = (
				7C74E7D71BE6BC760088807A /* My_First_BiteUITests.swift in Sources */,
			);
			runOnlyForDeploymentPostprocessing = 0;
		};
/* End PBXSourcesBuildPhase section */

/* Begin PBXTargetDependency section */
		7C74E7C91BE6BC760088807A /* PBXTargetDependency */ = {
			isa = PBXTargetDependency;
			target = 7C74E7B21BE6BC760088807A /* My First Bite */;
			targetProxy = 7C74E7C81BE6BC760088807A /* PBXContainerItemProxy */;
		};
		7C74E7D41BE6BC760088807A /* PBXTargetDependency */ = {
			isa = PBXTargetDependency;
			target = 7C74E7B21BE6BC760088807A /* My First Bite */;
			targetProxy = 7C74E7D31BE6BC760088807A /* PBXContainerItemProxy */;
		};
/* End PBXTargetDependency section */

/* Begin PBXVariantGroup section */
		7C74E7BA1BE6BC760088807A /* Main.storyboard */ = {
			isa = PBXVariantGroup;
			children = (
				7C74E7BB1BE6BC760088807A /* Base */,
			);
			name = Main.storyboard;
			sourceTree = "<group>";
		};
		7C74E7BF1BE6BC760088807A /* LaunchScreen.storyboard */ = {
			isa = PBXVariantGroup;
			children = (
				7C74E7C01BE6BC760088807A /* Base */,
			);
			name = LaunchScreen.storyboard;
			sourceTree = "<group>";
		};
/* End PBXVariantGroup section */

/* Begin XCBuildConfiguration section */
		7C74E7D91BE6BC760088807A /* Debug */ = {
			isa = XCBuildConfiguration;
			buildSettings = {
				ALWAYS_SEARCH_USER_PATHS = NO;
				CLANG_CXX_LANGUAGE_STANDARD = "gnu++0x";
				CLANG_CXX_LIBRARY = "libc++";
				CLANG_ENABLE_MODULES = YES;
				CLANG_ENABLE_OBJC_ARC = YES;
				CLANG_WARN_BOOL_CONVERSION = YES;
				CLANG_WARN_CONSTANT_CONVERSION = YES;
				CLANG_WARN_DIRECT_OBJC_ISA_USAGE = YES_ERROR;
				CLANG_WARN_EMPTY_BODY = YES;
				CLANG_WARN_ENUM_CONVERSION = YES;
				CLANG_WARN_INT_CONVERSION = YES;
				CLANG_WARN_OBJC_ROOT_CLASS = YES_ERROR;
				CLANG_WARN_UNREACHABLE_CODE = YES;
				CLANG_WARN__DUPLICATE_METHOD_MATCH = YES;
				"CODE_SIGN_IDENTITY[sdk=iphoneos*]" = "iPhone Developer";
				COPY_PHASE_STRIP = NO;
				DEBUG_INFORMATION_FORMAT = dwarf;
				ENABLE_STRICT_OBJC_MSGSEND = YES;
				ENABLE_TESTABILITY = YES;
				GCC_C_LANGUAGE_STANDARD = gnu99;
				GCC_DYNAMIC_NO_PIC = NO;
				GCC_NO_COMMON_BLOCKS = YES;
				GCC_OPTIMIZATION_LEVEL = 0;
				GCC_PREPROCESSOR_DEFINITIONS = (
					"DEBUG=1",
					"$(inherited)",
				);
				GCC_WARN_64_TO_32_BIT_CONVERSION = YES;
				GCC_WARN_ABOUT_RETURN_TYPE = YES_ERROR;
				GCC_WARN_UNDECLARED_SELECTOR = YES;
				GCC_WARN_UNINITIALIZED_AUTOS = YES_AGGRESSIVE;
				GCC_WARN_UNUSED_FUNCTION = YES;
				GCC_WARN_UNUSED_VARIABLE = YES;
				IPHONEOS_DEPLOYMENT_TARGET = 9.1;
				MTL_ENABLE_DEBUG_INFO = YES;
				ONLY_ACTIVE_ARCH = YES;
				SDKROOT = iphoneos;
				SWIFT_OPTIMIZATION_LEVEL = "-Onone";
			};
			name = Debug;
		};
		7C74E7DA1BE6BC760088807A /* Release */ = {
			isa = XCBuildConfiguration;
			buildSettings = {
				ALWAYS_SEARCH_USER_PATHS = NO;
				CLANG_CXX_LANGUAGE_STANDARD = "gnu++0x";
				CLANG_CXX_LIBRARY = "libc++";
				CLANG_ENABLE_MODULES = YES;
				CLANG_ENABLE_OBJC_ARC = YES;
				CLANG_WARN_BOOL_CONVERSION = YES;
				CLANG_WARN_CONSTANT_CONVERSION = YES;
				CLANG_WARN_DIRECT_OBJC_ISA_USAGE = YES_ERROR;
				CLANG_WARN_EMPTY_BODY = YES;
				CLANG_WARN_ENUM_CONVERSION = YES;
				CLANG_WARN_INT_CONVERSION = YES;
				CLANG_WARN_OBJC_ROOT_CLASS = YES_ERROR;
				CLANG_WARN_UNREACHABLE_CODE = YES;
				CLANG_WARN__DUPLICATE_METHOD_MATCH = YES;
				"CODE_SIGN_IDENTITY[sdk=iphoneos*]" = "iPhone Developer";
				COPY_PHASE_STRIP = NO;
				DEBUG_INFORMATION_FORMAT = "dwarf-with-dsym";
				ENABLE_NS_ASSERTIONS = NO;
				ENABLE_STRICT_OBJC_MSGSEND = YES;
				GCC_C_LANGUAGE_STANDARD = gnu99;
				GCC_NO_COMMON_BLOCKS = YES;
				GCC_WARN_64_TO_32_BIT_CONVERSION = YES;
				GCC_WARN_ABOUT_RETURN_TYPE = YES_ERROR;
				GCC_WARN_UNDECLARED_SELECTOR = YES;
				GCC_WARN_UNINITIALIZED_AUTOS = YES_AGGRESSIVE;
				GCC_WARN_UNUSED_FUNCTION = YES;
				GCC_WARN_UNUSED_VARIABLE = YES;
				IPHONEOS_DEPLOYMENT_TARGET = 9.1;
				MTL_ENABLE_DEBUG_INFO = NO;
				SDKROOT = iphoneos;
				VALIDATE_PRODUCT = YES;
			};
			name = Release;
		};
		7C74E7DC1BE6BC760088807A /* Debug */ = {
			isa = XCBuildConfiguration;
			buildSettings = {
				ASSETCATALOG_COMPILER_APPICON_NAME = AppIcon;
				INFOPLIST_FILE = "My First Bite/Info.plist";
				LD_RUNPATH_SEARCH_PATHS = "$(inherited) @executable_path/Frameworks";
				PRODUCT_BUNDLE_IDENTIFIER = "com.pixelatomic.My-First-Bite";
				PRODUCT_NAME = "$(TARGET_NAME)";
			};
			name = Debug;
		};
		7C74E7DD1BE6BC760088807A /* Release */ = {
			isa = XCBuildConfiguration;
			buildSettings = {
				ASSETCATALOG_COMPILER_APPICON_NAME = AppIcon;
				INFOPLIST_FILE = "My First Bite/Info.plist";
				LD_RUNPATH_SEARCH_PATHS = "$(inherited) @executable_path/Frameworks";
				PRODUCT_BUNDLE_IDENTIFIER = "com.pixelatomic.My-First-Bite";
				PRODUCT_NAME = "$(TARGET_NAME)";
			};
			name = Release;
		};
		7C74E7DF1BE6BC760088807A /* Debug */ = {
			isa = XCBuildConfiguration;
			buildSettings = {
				BUNDLE_LOADER = "$(TEST_HOST)";
				INFOPLIST_FILE = "My First BiteTests/Info.plist";
				LD_RUNPATH_SEARCH_PATHS = "$(inherited) @executable_path/Frameworks @loader_path/Frameworks";
				PRODUCT_BUNDLE_IDENTIFIER = "com.pixelatomic.My-First-BiteTests";
				PRODUCT_NAME = "$(TARGET_NAME)";
				TEST_HOST = "$(BUILT_PRODUCTS_DIR)/My First Bite.app/My First Bite";
			};
			name = Debug;
		};
		7C74E7E01BE6BC760088807A /* Release */ = {
			isa = XCBuildConfiguration;
			buildSettings = {
				BUNDLE_LOADER = "$(TEST_HOST)";
				INFOPLIST_FILE = "My First BiteTests/Info.plist";
				LD_RUNPATH_SEARCH_PATHS = "$(inherited) @executable_path/Frameworks @loader_path/Frameworks";
				PRODUCT_BUNDLE_IDENTIFIER = "com.pixelatomic.My-First-BiteTests";
				PRODUCT_NAME = "$(TARGET_NAME)";
				TEST_HOST = "$(BUILT_PRODUCTS_DIR)/My First Bite.app/My First Bite";
			};
			name = Release;
		};
		7C74E7E21BE6BC760088807A /* Debug */ = {
			isa = XCBuildConfiguration;
			buildSettings = {
				INFOPLIST_FILE = "My First BiteUITests/Info.plist";
				LD_RUNPATH_SEARCH_PATHS = "$(inherited) @executable_path/Frameworks @loader_path/Frameworks";
				PRODUCT_BUNDLE_IDENTIFIER = "com.pixelatomic.My-First-BiteUITests";
				PRODUCT_NAME = "$(TARGET_NAME)";
				TEST_TARGET_NAME = "My First Bite";
				USES_XCTRUNNER = YES;
			};
			name = Debug;
		};
		7C74E7E31BE6BC760088807A /* Release */ = {
			isa = XCBuildConfiguration;
			buildSettings = {
				INFOPLIST_FILE = "My First BiteUITests/Info.plist";
				LD_RUNPATH_SEARCH_PATHS = "$(inherited) @executable_path/Frameworks @loader_path/Frameworks";
				PRODUCT_BUNDLE_IDENTIFIER = "com.pixelatomic.My-First-BiteUITests";
				PRODUCT_NAME = "$(TARGET_NAME)";
				TEST_TARGET_NAME = "My First Bite";
				USES_XCTRUNNER = YES;
			};
			name = Release;
		};
/* End XCBuildConfiguration section */

/* Begin XCConfigurationList section */
		7C74E7AE1BE6BC760088807A /* Build configuration list for PBXProject "My First Bite" */ = {
			isa = XCConfigurationList;
			buildConfigurations = (
				7C74E7D91BE6BC760088807A /* Debug */,
				7C74E7DA1BE6BC760088807A /* Release */,
			);
			defaultConfigurationIsVisible = 0;
			defaultConfigurationName = Release;
		};
		7C74E7DB1BE6BC760088807A /* Build configuration list for PBXNativeTarget "My First Bite" */ = {
			isa = XCConfigurationList;
			buildConfigurations = (
				7C74E7DC1BE6BC760088807A /* Debug */,
				7C74E7DD1BE6BC760088807A /* Release */,
			);
			defaultConfigurationIsVisible = 0;
		};
		7C74E7DE1BE6BC760088807A /* Build configuration list for PBXNativeTarget "My First BiteTests" */ = {
			isa = XCConfigurationList;
			buildConfigurations = (
				7C74E7DF1BE6BC760088807A /* Debug */,
				7C74E7E01BE6BC760088807A /* Release */,
			);
			defaultConfigurationIsVisible = 0;
		};
		7C74E7E11BE6BC760088807A /* Build configuration list for PBXNativeTarget "My First BiteUITests" */ = {
			isa = XCConfigurationList;
			buildConfigurations = (
				7C74E7E21BE6BC760088807A /* Debug */,
				7C74E7E31BE6BC760088807A /* Release */,
			);
			defaultConfigurationIsVisible = 0;
		};
/* End XCConfigurationList section */
	};
	rootObject = 7C74E7AB1BE6BC760088807A /* Project object */;
}
